
Microsoft Visual Studio Solution File, Format Version 12.00
# Visual Studio Version 16
VisualStudioVersion = 16.0.31515.178
MinimumVisualStudioVersion = 10.0.40219.1
Project("{2150E333-8FDC-42A3-9474-1A3956D46DE8}") = "Services", "Services", "{BF4198E0-8965-4CDE-BDD0-2BB0F4187581}"
EndProject
Project("{2150E333-8FDC-42A3-9474-1A3956D46DE8}") = "Catalog", "Catalog", "{58757DA5-69F9-450F-8BC3-890CD84ED2C5}"
EndProject
Project("{9A19103F-16F7-4668-BE54-9A1E7A4F7556}") = "Catalog.API", "Services\Catalog\Catalog.API\Catalog.API.csproj", "{42EEF4BB-BF2E-4E9F-9D01-F6C5B2243333}"
EndProject
Project("{E53339B2-1760-4266-BCC7-CA923CBCF16C}") = "docker-compose", "docker-compose.dcproj", "{A279CE1B-31BE-4471-B888-F2B75D4FC289}"
EndProject
Project("{2150E333-8FDC-42A3-9474-1A3956D46DE8}") = "Basket", "Basket", "{73546EC0-A86B-439F-B0BC-70F45279B2B6}"
EndProject
Project("{9A19103F-16F7-4668-BE54-9A1E7A4F7556}") = "Basket.API", "Services\Basket\Basket.API\Basket.API.csproj", "{663D5B8A-EB3E-4550-9F7A-C5185BCC1774}"
EndProject
Project("{2150E333-8FDC-42A3-9474-1A3956D46DE8}") = "Discount", "Discount", "{F845FC75-9712-4153-8940-79C1BDF5DA05}"
EndProject
Project("{9A19103F-16F7-4668-BE54-9A1E7A4F7556}") = "Discount.API", "Services\Discount\Discount.API\Discount.API.csproj", "{CD15CC7D-1346-41D3-A4C0-332DED3FE929}"
EndProject
Project("{9A19103F-16F7-4668-BE54-9A1E7A4F7556}") = "Discount.Grpc", "Services\Discount\Discount.Grpc\Discount.Grpc.csproj", "{141A733C-F23F-42AF-89C3-57DE03447AA2}"
EndProject
Project("{2150E333-8FDC-42A3-9474-1A3956D46DE8}") = "Ordering", "Ordering", "{47DBC96F-B3BB-4B43-866E-6BD37C98F601}"
EndProject
Project("{9A19103F-16F7-4668-BE54-9A1E7A4F7556}") = "Ordering.API", "Services\Ordering\Ordering.API\Ordering.API.csproj", "{DF8F7FCB-A0D4-4B39-94AF-19AC5B731616}"
EndProject
Project("{9A19103F-16F7-4668-BE54-9A1E7A4F7556}") = "Ordering.Domain", "Services\Ordering\Ordering.Domain\Ordering.Domain.csproj", "{048FE45C-86B8-442C-9C7C-D5FB9DDE08D2}"
EndProject
Project("{9A19103F-16F7-4668-BE54-9A1E7A4F7556}") = "Ordering.Application", "Services\Ordering\Ordering.Application\Ordering.Application.csproj", "{3CEE302F-E938-4A86-9D67-B7AC166DD7BE}"
EndProject
Project("{9A19103F-16F7-4668-BE54-9A1E7A4F7556}") = "Ordering.Infrastructure", "Services\Ordering\Ordering.Infrastructure\Ordering.Infrastructure.csproj", "{C1E5ECA4-ADD3-403D-BB8A-6E7FA2037232}"
EndProject
Project("{2150E333-8FDC-42A3-9474-1A3956D46DE8}") = "BuidlingBlocks", "BuidlingBlocks", "{987D51D9-3921-42DE-B664-1FF2DBBBDC38}"
EndProject
Project("{9A19103F-16F7-4668-BE54-9A1E7A4F7556}") = "EventBus.Messages", "BuildingBlocks\EventBus.Messages\EventBus.Messages.csproj", "{22242C78-4E5F-42DB-B10A-DCC0F3CB1257}"
EndProject
Project("{2150E333-8FDC-42A3-9474-1A3956D46DE8}") = "ApiGateways", "ApiGateways", "{1C53CEBC-7B15-42BB-812B-2B9146BCBAF0}"
EndProject
Project("{FAE04EC0-301F-11D3-BF4B-00C04F79EFBC}") = "OcelotApiGw", "ApiGateways\OcelotApiGw\OcelotApiGw.csproj", "{442B1045-0104-4501-9ED1-1AC847A41FC2}"
EndProject
Global
	GlobalSection(SolutionConfigurationPlatforms) = preSolution
		Debug|Any CPU = Debug|Any CPU
		Release|Any CPU = Release|Any CPU
	EndGlobalSection
	GlobalSection(ProjectConfigurationPlatforms) = postSolution
		{42EEF4BB-BF2E-4E9F-9D01-F6C5B2243333}.Debug|Any CPU.ActiveCfg = Debug|Any CPU
		{42EEF4BB-BF2E-4E9F-9D01-F6C5B2243333}.Debug|Any CPU.Build.0 = Debug|Any CPU
		{42EEF4BB-BF2E-4E9F-9D01-F6C5B2243333}.Release|Any CPU.ActiveCfg = Release|Any CPU
		{42EEF4BB-BF2E-4E9F-9D01-F6C5B2243333}.Release|Any CPU.Build.0 = Release|Any CPU
		{A279CE1B-31BE-4471-B888-F2B75D4FC289}.Debug|Any CPU.ActiveCfg = Debug|Any CPU
		{A279CE1B-31BE-4471-B888-F2B75D4FC289}.Debug|Any CPU.Build.0 = Debug|Any CPU
		{A279CE1B-31BE-4471-B888-F2B75D4FC289}.Release|Any CPU.ActiveCfg = Release|Any CPU
		{A279CE1B-31BE-4471-B888-F2B75D4FC289}.Release|Any CPU.Build.0 = Release|Any CPU
		{663D5B8A-EB3E-4550-9F7A-C5185BCC1774}.Debug|Any CPU.ActiveCfg = Debug|Any CPU
		{663D5B8A-EB3E-4550-9F7A-C5185BCC1774}.Debug|Any CPU.Build.0 = Debug|Any CPU
		{663D5B8A-EB3E-4550-9F7A-C5185BCC1774}.Release|Any CPU.ActiveCfg = Release|Any CPU
		{663D5B8A-EB3E-4550-9F7A-C5185BCC1774}.Release|Any CPU.Build.0 = Release|Any CPU
		{CD15CC7D-1346-41D3-A4C0-332DED3FE929}.Debug|Any CPU.ActiveCfg = Debug|Any CPU
		{CD15CC7D-1346-41D3-A4C0-332DED3FE929}.Debug|Any CPU.Build.0 = Debug|Any CPU
		{CD15CC7D-1346-41D3-A4C0-332DED3FE929}.Release|Any CPU.ActiveCfg = Release|Any CPU
		{CD15CC7D-1346-41D3-A4C0-332DED3FE929}.Release|Any CPU.Build.0 = Release|Any CPU
		{141A733C-F23F-42AF-89C3-57DE03447AA2}.Debug|Any CPU.ActiveCfg = Debug|Any CPU
		{141A733C-F23F-42AF-89C3-57DE03447AA2}.Debug|Any CPU.Build.0 = Debug|Any CPU
		{141A733C-F23F-42AF-89C3-57DE03447AA2}.Release|Any CPU.ActiveCfg = Release|Any CPU
		{141A733C-F23F-42AF-89C3-57DE03447AA2}.Release|Any CPU.Build.0 = Release|Any CPU
		{DF8F7FCB-A0D4-4B39-94AF-19AC5B731616}.Debug|Any CPU.ActiveCfg = Debug|Any CPU
		{DF8F7FCB-A0D4-4B39-94AF-19AC5B731616}.Debug|Any CPU.Build.0 = Debug|Any CPU
		{DF8F7FCB-A0D4-4B39-94AF-19AC5B731616}.Release|Any CPU.ActiveCfg = Release|Any CPU
		{DF8F7FCB-A0D4-4B39-94AF-19AC5B731616}.Release|Any CPU.Build.0 = Release|Any CPU
		{048FE45C-86B8-442C-9C7C-D5FB9DDE08D2}.Debug|Any CPU.ActiveCfg = Debug|Any CPU
		{048FE45C-86B8-442C-9C7C-D5FB9DDE08D2}.Debug|Any CPU.Build.0 = Debug|Any CPU
		{048FE45C-86B8-442C-9C7C-D5FB9DDE08D2}.Release|Any CPU.ActiveCfg = Release|Any CPU
		{048FE45C-86B8-442C-9C7C-D5FB9DDE08D2}.Release|Any CPU.Build.0 = Release|Any CPU
		{3CEE302F-E938-4A86-9D67-B7AC166DD7BE}.Debug|Any CPU.ActiveCfg = Debug|Any CPU
		{3CEE302F-E938-4A86-9D67-B7AC166DD7BE}.Debug|Any CPU.Build.0 = Debug|Any CPU
		{3CEE302F-E938-4A86-9D67-B7AC166DD7BE}.Release|Any CPU.ActiveCfg = Release|Any CPU
		{3CEE302F-E938-4A86-9D67-B7AC166DD7BE}.Release|Any CPU.Build.0 = Release|Any CPU
		{C1E5ECA4-ADD3-403D-BB8A-6E7FA2037232}.Debug|Any CPU.ActiveCfg = Debug|Any CPU
		{C1E5ECA4-ADD3-403D-BB8A-6E7FA2037232}.Debug|Any CPU.Build.0 = Debug|Any CPU
		{C1E5ECA4-ADD3-403D-BB8A-6E7FA2037232}.Release|Any CPU.ActiveCfg = Release|Any CPU
		{C1E5ECA4-ADD3-403D-BB8A-6E7FA2037232}.Release|Any CPU.Build.0 = Release|Any CPU
		{22242C78-4E5F-42DB-B10A-DCC0F3CB1257}.Debug|Any CPU.ActiveCfg = Debug|Any CPU
		{22242C78-4E5F-42DB-B10A-DCC0F3CB1257}.Debug|Any CPU.Build.0 = Debug|Any CPU
		{22242C78-4E5F-42DB-B10A-DCC0F3CB1257}.Release|Any CPU.ActiveCfg = Release|Any CPU
		{22242C78-4E5F-42DB-B10A-DCC0F3CB1257}.Release|Any CPU.Build.0 = Release|Any CPU
		{442B1045-0104-4501-9ED1-1AC847A41FC2}.Debug|Any CPU.ActiveCfg = Debug|Any CPU
		{442B1045-0104-4501-9ED1-1AC847A41FC2}.Debug|Any CPU.Build.0 = Debug|Any CPU
		{442B1045-0104-4501-9ED1-1AC847A41FC2}.Release|Any CPU.ActiveCfg = Release|Any CPU
		{442B1045-0104-4501-9ED1-1AC847A41FC2}.Release|Any CPU.Build.0 = Release|Any CPU
	EndGlobalSection
	GlobalSection(SolutionProperties) = preSolution
		HideSolutionNode = FALSE
	EndGlobalSection
	GlobalSection(NestedProjects) = preSolution
		{58757DA5-69F9-450F-8BC3-890CD84ED2C5} = {BF4198E0-8965-4CDE-BDD0-2BB0F4187581}
		{42EEF4BB-BF2E-4E9F-9D01-F6C5B2243333} = {58757DA5-69F9-450F-8BC3-890CD84ED2C5}
		{73546EC0-A86B-439F-B0BC-70F45279B2B6} = {BF4198E0-8965-4CDE-BDD0-2BB0F4187581}
		{663D5B8A-EB3E-4550-9F7A-C5185BCC1774} = {73546EC0-A86B-439F-B0BC-70F45279B2B6}
		{F845FC75-9712-4153-8940-79C1BDF5DA05} = {BF4198E0-8965-4CDE-BDD0-2BB0F4187581}
		{CD15CC7D-1346-41D3-A4C0-332DED3FE929} = {F845FC75-9712-4153-8940-79C1BDF5DA05}
		{141A733C-F23F-42AF-89C3-57DE03447AA2} = {F845FC75-9712-4153-8940-79C1BDF5DA05}
		{47DBC96F-B3BB-4B43-866E-6BD37C98F601} = {BF4198E0-8965-4CDE-BDD0-2BB0F4187581}
		{DF8F7FCB-A0D4-4B39-94AF-19AC5B731616} = {47DBC96F-B3BB-4B43-866E-6BD37C98F601}
		{048FE45C-86B8-442C-9C7C-D5FB9DDE08D2} = {47DBC96F-B3BB-4B43-866E-6BD37C98F601}
		{3CEE302F-E938-4A86-9D67-B7AC166DD7BE} = {47DBC96F-B3BB-4B43-866E-6BD37C98F601}
		{C1E5ECA4-ADD3-403D-BB8A-6E7FA2037232} = {47DBC96F-B3BB-4B43-866E-6BD37C98F601}
		{22242C78-4E5F-42DB-B10A-DCC0F3CB1257} = {987D51D9-3921-42DE-B664-1FF2DBBBDC38}
		{442B1045-0104-4501-9ED1-1AC847A41FC2} = {1C53CEBC-7B15-42BB-812B-2B9146BCBAF0}
	EndGlobalSection
	GlobalSection(ExtensibilityGlobals) = postSolution
		SolutionGuid = {28A7235A-8582-4C4C-9B1D-AA0BA534E17B}
	EndGlobalSection
EndGlobal
