
Microsoft Visual Studio Solution File, Format Version 12.00
# Visual Studio Version 16
VisualStudioVersion = 16.0.31515.178
MinimumVisualStudioVersion = 10.0.40219.1
Project("{2150E333-8FDC-42A3-9474-1A3956D46DE8}") = "Services", "Services", "{BF4198E0-8965-4CDE-BDD0-2BB0F4187581}"
EndProject
Project("{2150E333-8FDC-42A3-9474-1A3956D46DE8}") = "Catalog", "Catalog", "{58757DA5-69F9-450F-8BC3-890CD84ED2C5}"
EndProject
Project("{9A19103F-16F7-4668-BE54-9A1E7A4F7556}") = "Catalog.API", "Services\Catalog\Catalog.API\Catalog.API.csproj", "{42EEF4BB-BF2E-4E9F-9D01-F6C5B2243333}"
EndProject
Project("{E53339B2-1760-4266-BCC7-CA923CBCF16C}") = "docker-compose", "docker-compose.dcproj", "{A279CE1B-31BE-4471-B888-F2B75D4FC289}"
EndProject
Project("{2150E333-8FDC-42A3-9474-1A3956D46DE8}") = "Basket", "Basket", "{73546EC0-A86B-439F-B0BC-70F45279B2B6}"
EndProject
Project("{9A19103F-16F7-4668-BE54-9A1E7A4F7556}") = "Basket.API", "Services\Basket\Basket.API\Basket.API.csproj", "{663D5B8A-EB3E-4550-9F7A-C5185BCC1774}"
EndProject
Project("{2150E333-8FDC-42A3-9474-1A3956D46DE8}") = "Discount", "Discount", "{F845FC75-9712-4153-8940-79C1BDF5DA05}"
EndProject
Project("{FAE04EC0-301F-11D3-BF4B-00C04F79EFBC}") = "Discount.API", "Services\Discount\Discount.API\Discount.API.csproj", "{CD15CC7D-1346-41D3-A4C0-332DED3FE929}"
EndProject
Global
	GlobalSection(SolutionConfigurationPlatforms) = preSolution
		Debug|Any CPU = Debug|Any CPU
		Release|Any CPU = Release|Any CPU
	EndGlobalSection
	GlobalSection(ProjectConfigurationPlatforms) = postSolution
		{42EEF4BB-BF2E-4E9F-9D01-F6C5B2243333}.Debug|Any CPU.ActiveCfg = Debug|Any CPU
		{42EEF4BB-BF2E-4E9F-9D01-F6C5B2243333}.Debug|Any CPU.Build.0 = Debug|Any CPU
		{42EEF4BB-BF2E-4E9F-9D01-F6C5B2243333}.Release|Any CPU.ActiveCfg = Release|Any CPU
		{42EEF4BB-BF2E-4E9F-9D01-F6C5B2243333}.Release|Any CPU.Build.0 = Release|Any CPU
		{A279CE1B-31BE-4471-B888-F2B75D4FC289}.Debug|Any CPU.ActiveCfg = Debug|Any CPU
		{A279CE1B-31BE-4471-B888-F2B75D4FC289}.Debug|Any CPU.Build.0 = Debug|Any CPU
		{A279CE1B-31BE-4471-B888-F2B75D4FC289}.Release|Any CPU.ActiveCfg = Release|Any CPU
		{A279CE1B-31BE-4471-B888-F2B75D4FC289}.Release|Any CPU.Build.0 = Release|Any CPU
		{663D5B8A-EB3E-4550-9F7A-C5185BCC1774}.Debug|Any CPU.ActiveCfg = Debug|Any CPU
		{663D5B8A-EB3E-4550-9F7A-C5185BCC1774}.Debug|Any CPU.Build.0 = Debug|Any CPU
		{663D5B8A-EB3E-4550-9F7A-C5185BCC1774}.Release|Any CPU.ActiveCfg = Release|Any CPU
		{663D5B8A-EB3E-4550-9F7A-C5185BCC1774}.Release|Any CPU.Build.0 = Release|Any CPU
		{CD15CC7D-1346-41D3-A4C0-332DED3FE929}.Debug|Any CPU.ActiveCfg = Debug|Any CPU
		{CD15CC7D-1346-41D3-A4C0-332DED3FE929}.Debug|Any CPU.Build.0 = Debug|Any CPU
		{CD15CC7D-1346-41D3-A4C0-332DED3FE929}.Release|Any CPU.ActiveCfg = Release|Any CPU
		{CD15CC7D-1346-41D3-A4C0-332DED3FE929}.Release|Any CPU.Build.0 = Release|Any CPU
	EndGlobalSection
	GlobalSection(SolutionProperties) = preSolution
		HideSolutionNode = FALSE
	EndGlobalSection
	GlobalSection(NestedProjects) = preSolution
		{58757DA5-69F9-450F-8BC3-890CD84ED2C5} = {BF4198E0-8965-4CDE-BDD0-2BB0F4187581}
		{42EEF4BB-BF2E-4E9F-9D01-F6C5B2243333} = {58757DA5-69F9-450F-8BC3-890CD84ED2C5}
		{73546EC0-A86B-439F-B0BC-70F45279B2B6} = {BF4198E0-8965-4CDE-BDD0-2BB0F4187581}
		{663D5B8A-EB3E-4550-9F7A-C5185BCC1774} = {73546EC0-A86B-439F-B0BC-70F45279B2B6}
		{F845FC75-9712-4153-8940-79C1BDF5DA05} = {BF4198E0-8965-4CDE-BDD0-2BB0F4187581}
		{CD15CC7D-1346-41D3-A4C0-332DED3FE929} = {F845FC75-9712-4153-8940-79C1BDF5DA05}
	EndGlobalSection
	GlobalSection(ExtensibilityGlobals) = postSolution
		SolutionGuid = {28A7235A-8582-4C4C-9B1D-AA0BA534E17B}
	EndGlobalSection
EndGlobal
